
Microsoft Visual Studio Solution File, Format Version 12.00
# Visual Studio 14
VisualStudioVersion = 14.0.25123.0
MinimumVisualStudioVersion = 10.0.40219.1
Project("{2150E333-8FDC-42A3-9474-1A3956D46DE8}") = "1. Common", "1. Common", "{63B22051-2D1A-42A3-86C1-772D120376D1}"
EndProject
Project("{2150E333-8FDC-42A3-9474-1A3956D46DE8}") = "2. Slack", "2. Slack", "{706A14EF-8386-45EC-9259-6F2637746AF3}"
EndProject
Project("{FAE04EC0-301F-11D3-BF4B-00C04F79EFBC}") = "CheckyChatbotSlack", "Slack\CheckyChatbotSlack\CheckyChatbotSlack.csproj", "{B26AFD64-095B-4FC2-9EDB-50C34E6CDD34}"
EndProject
Project("{FAE04EC0-301F-11D3-BF4B-00C04F79EFBC}") = "Chatbot", "Common\Chatbot\Chatbot.csproj", "{F52D1B30-7BC5-4AFF-9510-14B50F2E32E8}"
EndProject
Project("{2150E333-8FDC-42A3-9474-1A3956D46DE8}") = "9. Tests", "9. Tests", "{F3CEF568-104D-42F0-9E69-F5A261721B56}"
EndProject
Project("{FAE04EC0-301F-11D3-BF4B-00C04F79EFBC}") = "Slack.CheckyChatbotSlack.Tests", "Tests\Slack.CheckyChatbotSlack.Tests\Slack.CheckyChatbotSlack.Tests.csproj", "{F70167A8-D5BF-46EC-942A-4350475C9ECE}"
EndProject
Project("{FAE04EC0-301F-11D3-BF4B-00C04F79EFBC}") = "Common.Chatbot.Tests", "Tests\Common.Chatbot.Tests\Common.Chatbot.Tests.csproj", "{8935F5FC-9B4C-4D4C-97CD-D665B17795D1}"
EndProject
Project("{2150E333-8FDC-42A3-9474-1A3956D46DE8}") = "0. Shared", "0. Shared", "{242DC480-3F0C-42B7-B395-9D09002E3869}"
	ProjectSection(SolutionItems) = preProject
		..\scripts\Initialize-SharedAssemblyInfo.ps1 = ..\scripts\Initialize-SharedAssemblyInfo.ps1
		SharedAssemblyInfo.cs = SharedAssemblyInfo.cs
	EndProjectSection
EndProject
Global
	GlobalSection(SolutionConfigurationPlatforms) = preSolution
		Debug|Any CPU = Debug|Any CPU
		Debug|ARM = Debug|ARM
		Debug|x64 = Debug|x64
		Debug|x86 = Debug|x86
		Release|Any CPU = Release|Any CPU
		Release|ARM = Release|ARM
		Release|x64 = Release|x64
		Release|x86 = Release|x86
	EndGlobalSection
	GlobalSection(ProjectConfigurationPlatforms) = postSolution
		{B26AFD64-095B-4FC2-9EDB-50C34E6CDD34}.Debug|Any CPU.ActiveCfg = Debug|Any CPU
		{B26AFD64-095B-4FC2-9EDB-50C34E6CDD34}.Debug|Any CPU.Build.0 = Debug|Any CPU
		{B26AFD64-095B-4FC2-9EDB-50C34E6CDD34}.Debug|ARM.ActiveCfg = Debug|Any CPU
		{B26AFD64-095B-4FC2-9EDB-50C34E6CDD34}.Debug|ARM.Build.0 = Debug|Any CPU
		{B26AFD64-095B-4FC2-9EDB-50C34E6CDD34}.Debug|x64.ActiveCfg = Debug|Any CPU
		{B26AFD64-095B-4FC2-9EDB-50C34E6CDD34}.Debug|x64.Build.0 = Debug|Any CPU
		{B26AFD64-095B-4FC2-9EDB-50C34E6CDD34}.Debug|x86.ActiveCfg = Debug|Any CPU
		{B26AFD64-095B-4FC2-9EDB-50C34E6CDD34}.Debug|x86.Build.0 = Debug|Any CPU
		{B26AFD64-095B-4FC2-9EDB-50C34E6CDD34}.Release|Any CPU.ActiveCfg = Release|Any CPU
		{B26AFD64-095B-4FC2-9EDB-50C34E6CDD34}.Release|Any CPU.Build.0 = Release|Any CPU
		{B26AFD64-095B-4FC2-9EDB-50C34E6CDD34}.Release|ARM.ActiveCfg = Release|Any CPU
		{B26AFD64-095B-4FC2-9EDB-50C34E6CDD34}.Release|ARM.Build.0 = Release|Any CPU
		{B26AFD64-095B-4FC2-9EDB-50C34E6CDD34}.Release|x64.ActiveCfg = Release|Any CPU
		{B26AFD64-095B-4FC2-9EDB-50C34E6CDD34}.Release|x64.Build.0 = Release|Any CPU
		{B26AFD64-095B-4FC2-9EDB-50C34E6CDD34}.Release|x86.ActiveCfg = Release|Any CPU
		{B26AFD64-095B-4FC2-9EDB-50C34E6CDD34}.Release|x86.Build.0 = Release|Any CPU
		{F52D1B30-7BC5-4AFF-9510-14B50F2E32E8}.Debug|Any CPU.ActiveCfg = Debug|Any CPU
		{F52D1B30-7BC5-4AFF-9510-14B50F2E32E8}.Debug|Any CPU.Build.0 = Debug|Any CPU
		{F52D1B30-7BC5-4AFF-9510-14B50F2E32E8}.Debug|ARM.ActiveCfg = Debug|Any CPU
		{F52D1B30-7BC5-4AFF-9510-14B50F2E32E8}.Debug|ARM.Build.0 = Debug|Any CPU
		{F52D1B30-7BC5-4AFF-9510-14B50F2E32E8}.Debug|x64.ActiveCfg = Debug|Any CPU
		{F52D1B30-7BC5-4AFF-9510-14B50F2E32E8}.Debug|x64.Build.0 = Debug|Any CPU
		{F52D1B30-7BC5-4AFF-9510-14B50F2E32E8}.Debug|x86.ActiveCfg = Debug|Any CPU
		{F52D1B30-7BC5-4AFF-9510-14B50F2E32E8}.Debug|x86.Build.0 = Debug|Any CPU
		{F52D1B30-7BC5-4AFF-9510-14B50F2E32E8}.Release|Any CPU.ActiveCfg = Release|Any CPU
		{F52D1B30-7BC5-4AFF-9510-14B50F2E32E8}.Release|Any CPU.Build.0 = Release|Any CPU
		{F52D1B30-7BC5-4AFF-9510-14B50F2E32E8}.Release|ARM.ActiveCfg = Release|Any CPU
		{F52D1B30-7BC5-4AFF-9510-14B50F2E32E8}.Release|ARM.Build.0 = Release|Any CPU
		{F52D1B30-7BC5-4AFF-9510-14B50F2E32E8}.Release|x64.ActiveCfg = Release|Any CPU
		{F52D1B30-7BC5-4AFF-9510-14B50F2E32E8}.Release|x64.Build.0 = Release|Any CPU
		{F52D1B30-7BC5-4AFF-9510-14B50F2E32E8}.Release|x86.ActiveCfg = Release|Any CPU
		{F52D1B30-7BC5-4AFF-9510-14B50F2E32E8}.Release|x86.Build.0 = Release|Any CPU
		{F70167A8-D5BF-46EC-942A-4350475C9ECE}.Debug|Any CPU.ActiveCfg = Debug|Any CPU
		{F70167A8-D5BF-46EC-942A-4350475C9ECE}.Debug|Any CPU.Build.0 = Debug|Any CPU
		{F70167A8-D5BF-46EC-942A-4350475C9ECE}.Debug|ARM.ActiveCfg = Debug|Any CPU
		{F70167A8-D5BF-46EC-942A-4350475C9ECE}.Debug|ARM.Build.0 = Debug|Any CPU
		{F70167A8-D5BF-46EC-942A-4350475C9ECE}.Debug|x64.ActiveCfg = Debug|Any CPU
		{F70167A8-D5BF-46EC-942A-4350475C9ECE}.Debug|x64.Build.0 = Debug|Any CPU
		{F70167A8-D5BF-46EC-942A-4350475C9ECE}.Debug|x86.ActiveCfg = Debug|Any CPU
		{F70167A8-D5BF-46EC-942A-4350475C9ECE}.Debug|x86.Build.0 = Debug|Any CPU
		{F70167A8-D5BF-46EC-942A-4350475C9ECE}.Release|Any CPU.ActiveCfg = Release|Any CPU
		{F70167A8-D5BF-46EC-942A-4350475C9ECE}.Release|Any CPU.Build.0 = Release|Any CPU
		{F70167A8-D5BF-46EC-942A-4350475C9ECE}.Release|ARM.ActiveCfg = Release|Any CPU
		{F70167A8-D5BF-46EC-942A-4350475C9ECE}.Release|ARM.Build.0 = Release|Any CPU
		{F70167A8-D5BF-46EC-942A-4350475C9ECE}.Release|x64.ActiveCfg = Release|Any CPU
		{F70167A8-D5BF-46EC-942A-4350475C9ECE}.Release|x64.Build.0 = Release|Any CPU
		{F70167A8-D5BF-46EC-942A-4350475C9ECE}.Release|x86.ActiveCfg = Release|Any CPU
		{F70167A8-D5BF-46EC-942A-4350475C9ECE}.Release|x86.Build.0 = Release|Any CPU
		{8935F5FC-9B4C-4D4C-97CD-D665B17795D1}.Debug|Any CPU.ActiveCfg = Debug|Any CPU
		{8935F5FC-9B4C-4D4C-97CD-D665B17795D1}.Debug|Any CPU.Build.0 = Debug|Any CPU
		{8935F5FC-9B4C-4D4C-97CD-D665B17795D1}.Debug|ARM.ActiveCfg = Debug|Any CPU
		{8935F5FC-9B4C-4D4C-97CD-D665B17795D1}.Debug|ARM.Build.0 = Debug|Any CPU
		{8935F5FC-9B4C-4D4C-97CD-D665B17795D1}.Debug|x64.ActiveCfg = Debug|Any CPU
		{8935F5FC-9B4C-4D4C-97CD-D665B17795D1}.Debug|x64.Build.0 = Debug|Any CPU
		{8935F5FC-9B4C-4D4C-97CD-D665B17795D1}.Debug|x86.ActiveCfg = Debug|Any CPU
		{8935F5FC-9B4C-4D4C-97CD-D665B17795D1}.Debug|x86.Build.0 = Debug|Any CPU
		{8935F5FC-9B4C-4D4C-97CD-D665B17795D1}.Release|Any CPU.ActiveCfg = Release|Any CPU
		{8935F5FC-9B4C-4D4C-97CD-D665B17795D1}.Release|Any CPU.Build.0 = Release|Any CPU
		{8935F5FC-9B4C-4D4C-97CD-D665B17795D1}.Release|ARM.ActiveCfg = Release|Any CPU
		{8935F5FC-9B4C-4D4C-97CD-D665B17795D1}.Release|ARM.Build.0 = Release|Any CPU
		{8935F5FC-9B4C-4D4C-97CD-D665B17795D1}.Release|x64.ActiveCfg = Release|Any CPU
		{8935F5FC-9B4C-4D4C-97CD-D665B17795D1}.Release|x64.Build.0 = Release|Any CPU
		{8935F5FC-9B4C-4D4C-97CD-D665B17795D1}.Release|x86.ActiveCfg = Release|Any CPU
		{8935F5FC-9B4C-4D4C-97CD-D665B17795D1}.Release|x86.Build.0 = Release|Any CPU
	EndGlobalSection
	GlobalSection(SolutionProperties) = preSolution
		HideSolutionNode = FALSE
	EndGlobalSection
	GlobalSection(NestedProjects) = preSolution
		{B26AFD64-095B-4FC2-9EDB-50C34E6CDD34} = {706A14EF-8386-45EC-9259-6F2637746AF3}
		{F52D1B30-7BC5-4AFF-9510-14B50F2E32E8} = {63B22051-2D1A-42A3-86C1-772D120376D1}
		{F70167A8-D5BF-46EC-942A-4350475C9ECE} = {F3CEF568-104D-42F0-9E69-F5A261721B56}
		{8935F5FC-9B4C-4D4C-97CD-D665B17795D1} = {F3CEF568-104D-42F0-9E69-F5A261721B56}
	EndGlobalSection
EndGlobal
