
Microsoft Visual Studio Solution File, Format Version 12.00
# Visual Studio 14
VisualStudioVersion = 14.0.25123.0
MinimumVisualStudioVersion = 10.0.40219.1
Project("{2150E333-8FDC-42A3-9474-1A3956D46DE8}") = "1. Common", "1. Common", "{63B22051-2D1A-42A3-86C1-772D120376D1}"
EndProject
Project("{2150E333-8FDC-42A3-9474-1A3956D46DE8}") = "2. Slack", "2. Slack", "{706A14EF-8386-45EC-9259-6F2637746AF3}"
EndProject
Project("{FAE04EC0-301F-11D3-BF4B-00C04F79EFBC}") = "Checky.Common.Chatbot.Slack", "Slack\CheckyChatbotSlack\Checky.Common.Chatbot.Slack.csproj", "{B26AFD64-095B-4FC2-9EDB-50C34E6CDD34}"
EndProject
Project("{FAE04EC0-301F-11D3-BF4B-00C04F79EFBC}") = "Checky.Common.Chatbot", "Common\Chatbot\Checky.Common.Chatbot.csproj", "{F52D1B30-7BC5-4AFF-9510-14B50F2E32E8}"
EndProject
Project("{2150E333-8FDC-42A3-9474-1A3956D46DE8}") = "9. Tests", "9. Tests", "{F3CEF568-104D-42F0-9E69-F5A261721B56}"
EndProject
Project("{2150E333-8FDC-42A3-9474-1A3956D46DE8}") = "0. Shared", "0. Shared", "{242DC480-3F0C-42B7-B395-9D09002E3869}"
	ProjectSection(SolutionItems) = preProject
		..\scripts\Initialize-SharedAssemblyInfo.ps1 = ..\scripts\Initialize-SharedAssemblyInfo.ps1
		SharedAssemblyInfo.cs = SharedAssemblyInfo.cs
	EndProjectSection
EndProject
Project("{FAE04EC0-301F-11D3-BF4B-00C04F79EFBC}") = "Checky.Common.Healthbot", "Common\Healthbot\Checky.Common.Healthbot.csproj", "{076D43F9-9C67-423C-83AD-0A5E777408E0}"
EndProject
Project("{FAE04EC0-301F-11D3-BF4B-00C04F79EFBC}") = "Checky.Common.ComponentModel", "Common\ComponentModel\Checky.Common.ComponentModel.csproj", "{79E8B43C-1F65-4A4D-A640-AB02C438F5A5}"
EndProject
Project("{FAE04EC0-301F-11D3-BF4B-00C04F79EFBC}") = "Checky.Common.Smokebot", "Common\Smokebot\Checky.Common.Smokebot.csproj", "{A424692F-25D7-47BD-87C8-5B95BDF314A7}"
EndProject
Project("{FAE04EC0-301F-11D3-BF4B-00C04F79EFBC}") = "Checky.Common.Datastore", "Common\Datastore\Checky.Common.Datastore.csproj", "{5941D708-1A3E-4F50-9CDE-11F81F117BDC}"
EndProject
Project("{FAE04EC0-301F-11D3-BF4B-00C04F79EFBC}") = "Checky.Common.Configuration", "Common\Configuration\Checky.Common.Configuration.csproj", "{1618FB43-9EA0-45C4-BD80-C859777CBC2D}"
EndProject
Project("{FAE04EC0-301F-11D3-BF4B-00C04F79EFBC}") = "Checky.Common.Loader", "Common\Loader\Checky.Common.Loader.csproj", "{15C55584-E2C0-4451-86FD-69B028323C38}"
EndProject
Project("{151D2E53-A2C4-4D7D-83FE-D05416EBD58E}") = "Checky.Common.Deployment.Azure", "Common\CheckyChatbot\Checky.Common.Deployment.Azure.deployproj", "{D60AD55B-AFFC-44B2-951E-2DBC1B45B8A5}"
EndProject
Project("{FAE04EC0-301F-11D3-BF4B-00C04F79EFBC}") = "Checky.Common.Network", "Common\Network\Checky.Common.Network.csproj", "{A740432B-6769-4893-A102-794EB4A1C8AE}"
EndProject
Project("{FAE04EC0-301F-11D3-BF4B-00C04F79EFBC}") = "Checky.Chatbot.UnitTests", "tests\Checky.Chatbot.UnitTests\Checky.Chatbot.UnitTests.csproj", "{5065BB52-DFDE-45EB-9AFB-7443F1B23523}"
EndProject
Global
	GlobalSection(SolutionConfigurationPlatforms) = preSolution
		Debug|Any CPU = Debug|Any CPU
		Debug|ARM = Debug|ARM
		Debug|x64 = Debug|x64
		Debug|x86 = Debug|x86
		Release|Any CPU = Release|Any CPU
		Release|ARM = Release|ARM
		Release|x64 = Release|x64
		Release|x86 = Release|x86
	EndGlobalSection
	GlobalSection(ProjectConfigurationPlatforms) = postSolution
		{B26AFD64-095B-4FC2-9EDB-50C34E6CDD34}.Debug|Any CPU.ActiveCfg = Debug|Any CPU
		{B26AFD64-095B-4FC2-9EDB-50C34E6CDD34}.Debug|Any CPU.Build.0 = Debug|Any CPU
		{B26AFD64-095B-4FC2-9EDB-50C34E6CDD34}.Debug|ARM.ActiveCfg = Debug|Any CPU
		{B26AFD64-095B-4FC2-9EDB-50C34E6CDD34}.Debug|ARM.Build.0 = Debug|Any CPU
		{B26AFD64-095B-4FC2-9EDB-50C34E6CDD34}.Debug|x64.ActiveCfg = Debug|Any CPU
		{B26AFD64-095B-4FC2-9EDB-50C34E6CDD34}.Debug|x64.Build.0 = Debug|Any CPU
		{B26AFD64-095B-4FC2-9EDB-50C34E6CDD34}.Debug|x86.ActiveCfg = Debug|Any CPU
		{B26AFD64-095B-4FC2-9EDB-50C34E6CDD34}.Debug|x86.Build.0 = Debug|Any CPU
		{B26AFD64-095B-4FC2-9EDB-50C34E6CDD34}.Release|Any CPU.ActiveCfg = Release|Any CPU
		{B26AFD64-095B-4FC2-9EDB-50C34E6CDD34}.Release|Any CPU.Build.0 = Release|Any CPU
		{B26AFD64-095B-4FC2-9EDB-50C34E6CDD34}.Release|ARM.ActiveCfg = Release|Any CPU
		{B26AFD64-095B-4FC2-9EDB-50C34E6CDD34}.Release|ARM.Build.0 = Release|Any CPU
		{B26AFD64-095B-4FC2-9EDB-50C34E6CDD34}.Release|x64.ActiveCfg = Release|Any CPU
		{B26AFD64-095B-4FC2-9EDB-50C34E6CDD34}.Release|x64.Build.0 = Release|Any CPU
		{B26AFD64-095B-4FC2-9EDB-50C34E6CDD34}.Release|x86.ActiveCfg = Release|Any CPU
		{B26AFD64-095B-4FC2-9EDB-50C34E6CDD34}.Release|x86.Build.0 = Release|Any CPU
		{F52D1B30-7BC5-4AFF-9510-14B50F2E32E8}.Debug|Any CPU.ActiveCfg = Debug|Any CPU
		{F52D1B30-7BC5-4AFF-9510-14B50F2E32E8}.Debug|Any CPU.Build.0 = Debug|Any CPU
		{F52D1B30-7BC5-4AFF-9510-14B50F2E32E8}.Debug|ARM.ActiveCfg = Debug|Any CPU
		{F52D1B30-7BC5-4AFF-9510-14B50F2E32E8}.Debug|ARM.Build.0 = Debug|Any CPU
		{F52D1B30-7BC5-4AFF-9510-14B50F2E32E8}.Debug|x64.ActiveCfg = Debug|Any CPU
		{F52D1B30-7BC5-4AFF-9510-14B50F2E32E8}.Debug|x64.Build.0 = Debug|Any CPU
		{F52D1B30-7BC5-4AFF-9510-14B50F2E32E8}.Debug|x86.ActiveCfg = Debug|Any CPU
		{F52D1B30-7BC5-4AFF-9510-14B50F2E32E8}.Debug|x86.Build.0 = Debug|Any CPU
		{F52D1B30-7BC5-4AFF-9510-14B50F2E32E8}.Release|Any CPU.ActiveCfg = Release|Any CPU
		{F52D1B30-7BC5-4AFF-9510-14B50F2E32E8}.Release|Any CPU.Build.0 = Release|Any CPU
		{F52D1B30-7BC5-4AFF-9510-14B50F2E32E8}.Release|ARM.ActiveCfg = Release|Any CPU
		{F52D1B30-7BC5-4AFF-9510-14B50F2E32E8}.Release|ARM.Build.0 = Release|Any CPU
		{F52D1B30-7BC5-4AFF-9510-14B50F2E32E8}.Release|x64.ActiveCfg = Release|Any CPU
		{F52D1B30-7BC5-4AFF-9510-14B50F2E32E8}.Release|x64.Build.0 = Release|Any CPU
		{F52D1B30-7BC5-4AFF-9510-14B50F2E32E8}.Release|x86.ActiveCfg = Release|Any CPU
		{F52D1B30-7BC5-4AFF-9510-14B50F2E32E8}.Release|x86.Build.0 = Release|Any CPU
		{076D43F9-9C67-423C-83AD-0A5E777408E0}.Debug|Any CPU.ActiveCfg = Debug|Any CPU
		{076D43F9-9C67-423C-83AD-0A5E777408E0}.Debug|Any CPU.Build.0 = Debug|Any CPU
		{076D43F9-9C67-423C-83AD-0A5E777408E0}.Debug|ARM.ActiveCfg = Debug|Any CPU
		{076D43F9-9C67-423C-83AD-0A5E777408E0}.Debug|ARM.Build.0 = Debug|Any CPU
		{076D43F9-9C67-423C-83AD-0A5E777408E0}.Debug|x64.ActiveCfg = Debug|Any CPU
		{076D43F9-9C67-423C-83AD-0A5E777408E0}.Debug|x64.Build.0 = Debug|Any CPU
		{076D43F9-9C67-423C-83AD-0A5E777408E0}.Debug|x86.ActiveCfg = Debug|Any CPU
		{076D43F9-9C67-423C-83AD-0A5E777408E0}.Debug|x86.Build.0 = Debug|Any CPU
		{076D43F9-9C67-423C-83AD-0A5E777408E0}.Release|Any CPU.ActiveCfg = Release|Any CPU
		{076D43F9-9C67-423C-83AD-0A5E777408E0}.Release|Any CPU.Build.0 = Release|Any CPU
		{076D43F9-9C67-423C-83AD-0A5E777408E0}.Release|ARM.ActiveCfg = Release|Any CPU
		{076D43F9-9C67-423C-83AD-0A5E777408E0}.Release|ARM.Build.0 = Release|Any CPU
		{076D43F9-9C67-423C-83AD-0A5E777408E0}.Release|x64.ActiveCfg = Release|Any CPU
		{076D43F9-9C67-423C-83AD-0A5E777408E0}.Release|x64.Build.0 = Release|Any CPU
		{076D43F9-9C67-423C-83AD-0A5E777408E0}.Release|x86.ActiveCfg = Release|Any CPU
		{076D43F9-9C67-423C-83AD-0A5E777408E0}.Release|x86.Build.0 = Release|Any CPU
		{79E8B43C-1F65-4A4D-A640-AB02C438F5A5}.Debug|Any CPU.ActiveCfg = Debug|Any CPU
		{79E8B43C-1F65-4A4D-A640-AB02C438F5A5}.Debug|Any CPU.Build.0 = Debug|Any CPU
		{79E8B43C-1F65-4A4D-A640-AB02C438F5A5}.Debug|ARM.ActiveCfg = Debug|Any CPU
		{79E8B43C-1F65-4A4D-A640-AB02C438F5A5}.Debug|ARM.Build.0 = Debug|Any CPU
		{79E8B43C-1F65-4A4D-A640-AB02C438F5A5}.Debug|x64.ActiveCfg = Debug|Any CPU
		{79E8B43C-1F65-4A4D-A640-AB02C438F5A5}.Debug|x64.Build.0 = Debug|Any CPU
		{79E8B43C-1F65-4A4D-A640-AB02C438F5A5}.Debug|x86.ActiveCfg = Debug|Any CPU
		{79E8B43C-1F65-4A4D-A640-AB02C438F5A5}.Debug|x86.Build.0 = Debug|Any CPU
		{79E8B43C-1F65-4A4D-A640-AB02C438F5A5}.Release|Any CPU.ActiveCfg = Release|Any CPU
		{79E8B43C-1F65-4A4D-A640-AB02C438F5A5}.Release|Any CPU.Build.0 = Release|Any CPU
		{79E8B43C-1F65-4A4D-A640-AB02C438F5A5}.Release|ARM.ActiveCfg = Release|Any CPU
		{79E8B43C-1F65-4A4D-A640-AB02C438F5A5}.Release|ARM.Build.0 = Release|Any CPU
		{79E8B43C-1F65-4A4D-A640-AB02C438F5A5}.Release|x64.ActiveCfg = Release|Any CPU
		{79E8B43C-1F65-4A4D-A640-AB02C438F5A5}.Release|x64.Build.0 = Release|Any CPU
		{79E8B43C-1F65-4A4D-A640-AB02C438F5A5}.Release|x86.ActiveCfg = Release|Any CPU
		{79E8B43C-1F65-4A4D-A640-AB02C438F5A5}.Release|x86.Build.0 = Release|Any CPU
		{A424692F-25D7-47BD-87C8-5B95BDF314A7}.Debug|Any CPU.ActiveCfg = Debug|Any CPU
		{A424692F-25D7-47BD-87C8-5B95BDF314A7}.Debug|Any CPU.Build.0 = Debug|Any CPU
		{A424692F-25D7-47BD-87C8-5B95BDF314A7}.Debug|ARM.ActiveCfg = Debug|Any CPU
		{A424692F-25D7-47BD-87C8-5B95BDF314A7}.Debug|ARM.Build.0 = Debug|Any CPU
		{A424692F-25D7-47BD-87C8-5B95BDF314A7}.Debug|x64.ActiveCfg = Debug|Any CPU
		{A424692F-25D7-47BD-87C8-5B95BDF314A7}.Debug|x64.Build.0 = Debug|Any CPU
		{A424692F-25D7-47BD-87C8-5B95BDF314A7}.Debug|x86.ActiveCfg = Debug|Any CPU
		{A424692F-25D7-47BD-87C8-5B95BDF314A7}.Debug|x86.Build.0 = Debug|Any CPU
		{A424692F-25D7-47BD-87C8-5B95BDF314A7}.Release|Any CPU.ActiveCfg = Release|Any CPU
		{A424692F-25D7-47BD-87C8-5B95BDF314A7}.Release|Any CPU.Build.0 = Release|Any CPU
		{A424692F-25D7-47BD-87C8-5B95BDF314A7}.Release|ARM.ActiveCfg = Release|Any CPU
		{A424692F-25D7-47BD-87C8-5B95BDF314A7}.Release|ARM.Build.0 = Release|Any CPU
		{A424692F-25D7-47BD-87C8-5B95BDF314A7}.Release|x64.ActiveCfg = Release|Any CPU
		{A424692F-25D7-47BD-87C8-5B95BDF314A7}.Release|x64.Build.0 = Release|Any CPU
		{A424692F-25D7-47BD-87C8-5B95BDF314A7}.Release|x86.ActiveCfg = Release|Any CPU
		{A424692F-25D7-47BD-87C8-5B95BDF314A7}.Release|x86.Build.0 = Release|Any CPU
		{5941D708-1A3E-4F50-9CDE-11F81F117BDC}.Debug|Any CPU.ActiveCfg = Debug|Any CPU
		{5941D708-1A3E-4F50-9CDE-11F81F117BDC}.Debug|Any CPU.Build.0 = Debug|Any CPU
		{5941D708-1A3E-4F50-9CDE-11F81F117BDC}.Debug|ARM.ActiveCfg = Debug|Any CPU
		{5941D708-1A3E-4F50-9CDE-11F81F117BDC}.Debug|ARM.Build.0 = Debug|Any CPU
		{5941D708-1A3E-4F50-9CDE-11F81F117BDC}.Debug|x64.ActiveCfg = Debug|Any CPU
		{5941D708-1A3E-4F50-9CDE-11F81F117BDC}.Debug|x64.Build.0 = Debug|Any CPU
		{5941D708-1A3E-4F50-9CDE-11F81F117BDC}.Debug|x86.ActiveCfg = Debug|Any CPU
		{5941D708-1A3E-4F50-9CDE-11F81F117BDC}.Debug|x86.Build.0 = Debug|Any CPU
		{5941D708-1A3E-4F50-9CDE-11F81F117BDC}.Release|Any CPU.ActiveCfg = Release|Any CPU
		{5941D708-1A3E-4F50-9CDE-11F81F117BDC}.Release|Any CPU.Build.0 = Release|Any CPU
		{5941D708-1A3E-4F50-9CDE-11F81F117BDC}.Release|ARM.ActiveCfg = Release|Any CPU
		{5941D708-1A3E-4F50-9CDE-11F81F117BDC}.Release|ARM.Build.0 = Release|Any CPU
		{5941D708-1A3E-4F50-9CDE-11F81F117BDC}.Release|x64.ActiveCfg = Release|Any CPU
		{5941D708-1A3E-4F50-9CDE-11F81F117BDC}.Release|x64.Build.0 = Release|Any CPU
		{5941D708-1A3E-4F50-9CDE-11F81F117BDC}.Release|x86.ActiveCfg = Release|Any CPU
		{5941D708-1A3E-4F50-9CDE-11F81F117BDC}.Release|x86.Build.0 = Release|Any CPU
		{1618FB43-9EA0-45C4-BD80-C859777CBC2D}.Debug|Any CPU.ActiveCfg = Debug|Any CPU
		{1618FB43-9EA0-45C4-BD80-C859777CBC2D}.Debug|Any CPU.Build.0 = Debug|Any CPU
		{1618FB43-9EA0-45C4-BD80-C859777CBC2D}.Debug|ARM.ActiveCfg = Debug|Any CPU
		{1618FB43-9EA0-45C4-BD80-C859777CBC2D}.Debug|ARM.Build.0 = Debug|Any CPU
		{1618FB43-9EA0-45C4-BD80-C859777CBC2D}.Debug|x64.ActiveCfg = Debug|Any CPU
		{1618FB43-9EA0-45C4-BD80-C859777CBC2D}.Debug|x64.Build.0 = Debug|Any CPU
		{1618FB43-9EA0-45C4-BD80-C859777CBC2D}.Debug|x86.ActiveCfg = Debug|Any CPU
		{1618FB43-9EA0-45C4-BD80-C859777CBC2D}.Debug|x86.Build.0 = Debug|Any CPU
		{1618FB43-9EA0-45C4-BD80-C859777CBC2D}.Release|Any CPU.ActiveCfg = Release|Any CPU
		{1618FB43-9EA0-45C4-BD80-C859777CBC2D}.Release|Any CPU.Build.0 = Release|Any CPU
		{1618FB43-9EA0-45C4-BD80-C859777CBC2D}.Release|ARM.ActiveCfg = Release|Any CPU
		{1618FB43-9EA0-45C4-BD80-C859777CBC2D}.Release|ARM.Build.0 = Release|Any CPU
		{1618FB43-9EA0-45C4-BD80-C859777CBC2D}.Release|x64.ActiveCfg = Release|Any CPU
		{1618FB43-9EA0-45C4-BD80-C859777CBC2D}.Release|x64.Build.0 = Release|Any CPU
		{1618FB43-9EA0-45C4-BD80-C859777CBC2D}.Release|x86.ActiveCfg = Release|Any CPU
		{1618FB43-9EA0-45C4-BD80-C859777CBC2D}.Release|x86.Build.0 = Release|Any CPU
		{15C55584-E2C0-4451-86FD-69B028323C38}.Debug|Any CPU.ActiveCfg = Debug|Any CPU
		{15C55584-E2C0-4451-86FD-69B028323C38}.Debug|Any CPU.Build.0 = Debug|Any CPU
		{15C55584-E2C0-4451-86FD-69B028323C38}.Debug|ARM.ActiveCfg = Debug|Any CPU
		{15C55584-E2C0-4451-86FD-69B028323C38}.Debug|ARM.Build.0 = Debug|Any CPU
		{15C55584-E2C0-4451-86FD-69B028323C38}.Debug|x64.ActiveCfg = Debug|Any CPU
		{15C55584-E2C0-4451-86FD-69B028323C38}.Debug|x64.Build.0 = Debug|Any CPU
		{15C55584-E2C0-4451-86FD-69B028323C38}.Debug|x86.ActiveCfg = Debug|Any CPU
		{15C55584-E2C0-4451-86FD-69B028323C38}.Debug|x86.Build.0 = Debug|Any CPU
		{15C55584-E2C0-4451-86FD-69B028323C38}.Release|Any CPU.ActiveCfg = Release|Any CPU
		{15C55584-E2C0-4451-86FD-69B028323C38}.Release|Any CPU.Build.0 = Release|Any CPU
		{15C55584-E2C0-4451-86FD-69B028323C38}.Release|ARM.ActiveCfg = Release|Any CPU
		{15C55584-E2C0-4451-86FD-69B028323C38}.Release|ARM.Build.0 = Release|Any CPU
		{15C55584-E2C0-4451-86FD-69B028323C38}.Release|x64.ActiveCfg = Release|Any CPU
		{15C55584-E2C0-4451-86FD-69B028323C38}.Release|x64.Build.0 = Release|Any CPU
		{15C55584-E2C0-4451-86FD-69B028323C38}.Release|x86.ActiveCfg = Release|Any CPU
		{15C55584-E2C0-4451-86FD-69B028323C38}.Release|x86.Build.0 = Release|Any CPU
		{D60AD55B-AFFC-44B2-951E-2DBC1B45B8A5}.Debug|Any CPU.ActiveCfg = Debug|Any CPU
		{D60AD55B-AFFC-44B2-951E-2DBC1B45B8A5}.Debug|Any CPU.Build.0 = Debug|Any CPU
		{D60AD55B-AFFC-44B2-951E-2DBC1B45B8A5}.Debug|ARM.ActiveCfg = Debug|Any CPU
		{D60AD55B-AFFC-44B2-951E-2DBC1B45B8A5}.Debug|ARM.Build.0 = Debug|Any CPU
		{D60AD55B-AFFC-44B2-951E-2DBC1B45B8A5}.Debug|x64.ActiveCfg = Debug|Any CPU
		{D60AD55B-AFFC-44B2-951E-2DBC1B45B8A5}.Debug|x64.Build.0 = Debug|Any CPU
		{D60AD55B-AFFC-44B2-951E-2DBC1B45B8A5}.Debug|x86.ActiveCfg = Debug|Any CPU
		{D60AD55B-AFFC-44B2-951E-2DBC1B45B8A5}.Debug|x86.Build.0 = Debug|Any CPU
		{D60AD55B-AFFC-44B2-951E-2DBC1B45B8A5}.Release|Any CPU.ActiveCfg = Release|Any CPU
		{D60AD55B-AFFC-44B2-951E-2DBC1B45B8A5}.Release|Any CPU.Build.0 = Release|Any CPU
		{D60AD55B-AFFC-44B2-951E-2DBC1B45B8A5}.Release|ARM.ActiveCfg = Release|Any CPU
		{D60AD55B-AFFC-44B2-951E-2DBC1B45B8A5}.Release|ARM.Build.0 = Release|Any CPU
		{D60AD55B-AFFC-44B2-951E-2DBC1B45B8A5}.Release|x64.ActiveCfg = Release|Any CPU
		{D60AD55B-AFFC-44B2-951E-2DBC1B45B8A5}.Release|x64.Build.0 = Release|Any CPU
		{D60AD55B-AFFC-44B2-951E-2DBC1B45B8A5}.Release|x86.ActiveCfg = Release|Any CPU
		{D60AD55B-AFFC-44B2-951E-2DBC1B45B8A5}.Release|x86.Build.0 = Release|Any CPU
		{A740432B-6769-4893-A102-794EB4A1C8AE}.Debug|Any CPU.ActiveCfg = Debug|Any CPU
		{A740432B-6769-4893-A102-794EB4A1C8AE}.Debug|Any CPU.Build.0 = Debug|Any CPU
		{A740432B-6769-4893-A102-794EB4A1C8AE}.Debug|ARM.ActiveCfg = Debug|Any CPU
		{A740432B-6769-4893-A102-794EB4A1C8AE}.Debug|ARM.Build.0 = Debug|Any CPU
		{A740432B-6769-4893-A102-794EB4A1C8AE}.Debug|x64.ActiveCfg = Debug|Any CPU
		{A740432B-6769-4893-A102-794EB4A1C8AE}.Debug|x64.Build.0 = Debug|Any CPU
		{A740432B-6769-4893-A102-794EB4A1C8AE}.Debug|x86.ActiveCfg = Debug|Any CPU
		{A740432B-6769-4893-A102-794EB4A1C8AE}.Debug|x86.Build.0 = Debug|Any CPU
		{A740432B-6769-4893-A102-794EB4A1C8AE}.Release|Any CPU.ActiveCfg = Release|Any CPU
		{A740432B-6769-4893-A102-794EB4A1C8AE}.Release|Any CPU.Build.0 = Release|Any CPU
		{A740432B-6769-4893-A102-794EB4A1C8AE}.Release|ARM.ActiveCfg = Release|Any CPU
		{A740432B-6769-4893-A102-794EB4A1C8AE}.Release|ARM.Build.0 = Release|Any CPU
		{A740432B-6769-4893-A102-794EB4A1C8AE}.Release|x64.ActiveCfg = Release|Any CPU
		{A740432B-6769-4893-A102-794EB4A1C8AE}.Release|x64.Build.0 = Release|Any CPU
		{A740432B-6769-4893-A102-794EB4A1C8AE}.Release|x86.ActiveCfg = Release|Any CPU
		{A740432B-6769-4893-A102-794EB4A1C8AE}.Release|x86.Build.0 = Release|Any CPU
		{5065BB52-DFDE-45EB-9AFB-7443F1B23523}.Debug|Any CPU.ActiveCfg = Debug|Any CPU
		{5065BB52-DFDE-45EB-9AFB-7443F1B23523}.Debug|Any CPU.Build.0 = Debug|Any CPU
		{5065BB52-DFDE-45EB-9AFB-7443F1B23523}.Debug|ARM.ActiveCfg = Debug|Any CPU
		{5065BB52-DFDE-45EB-9AFB-7443F1B23523}.Debug|ARM.Build.0 = Debug|Any CPU
		{5065BB52-DFDE-45EB-9AFB-7443F1B23523}.Debug|x64.ActiveCfg = Debug|Any CPU
		{5065BB52-DFDE-45EB-9AFB-7443F1B23523}.Debug|x64.Build.0 = Debug|Any CPU
		{5065BB52-DFDE-45EB-9AFB-7443F1B23523}.Debug|x86.ActiveCfg = Debug|Any CPU
		{5065BB52-DFDE-45EB-9AFB-7443F1B23523}.Debug|x86.Build.0 = Debug|Any CPU
		{5065BB52-DFDE-45EB-9AFB-7443F1B23523}.Release|Any CPU.ActiveCfg = Release|Any CPU
		{5065BB52-DFDE-45EB-9AFB-7443F1B23523}.Release|Any CPU.Build.0 = Release|Any CPU
		{5065BB52-DFDE-45EB-9AFB-7443F1B23523}.Release|ARM.ActiveCfg = Release|Any CPU
		{5065BB52-DFDE-45EB-9AFB-7443F1B23523}.Release|ARM.Build.0 = Release|Any CPU
		{5065BB52-DFDE-45EB-9AFB-7443F1B23523}.Release|x64.ActiveCfg = Release|Any CPU
		{5065BB52-DFDE-45EB-9AFB-7443F1B23523}.Release|x64.Build.0 = Release|Any CPU
		{5065BB52-DFDE-45EB-9AFB-7443F1B23523}.Release|x86.ActiveCfg = Release|Any CPU
		{5065BB52-DFDE-45EB-9AFB-7443F1B23523}.Release|x86.Build.0 = Release|Any CPU
	EndGlobalSection
	GlobalSection(SolutionProperties) = preSolution
		HideSolutionNode = FALSE
	EndGlobalSection
	GlobalSection(NestedProjects) = preSolution
		{B26AFD64-095B-4FC2-9EDB-50C34E6CDD34} = {706A14EF-8386-45EC-9259-6F2637746AF3}
		{F52D1B30-7BC5-4AFF-9510-14B50F2E32E8} = {63B22051-2D1A-42A3-86C1-772D120376D1}
		{076D43F9-9C67-423C-83AD-0A5E777408E0} = {63B22051-2D1A-42A3-86C1-772D120376D1}
		{79E8B43C-1F65-4A4D-A640-AB02C438F5A5} = {63B22051-2D1A-42A3-86C1-772D120376D1}
		{A424692F-25D7-47BD-87C8-5B95BDF314A7} = {63B22051-2D1A-42A3-86C1-772D120376D1}
		{5941D708-1A3E-4F50-9CDE-11F81F117BDC} = {63B22051-2D1A-42A3-86C1-772D120376D1}
		{1618FB43-9EA0-45C4-BD80-C859777CBC2D} = {63B22051-2D1A-42A3-86C1-772D120376D1}
		{15C55584-E2C0-4451-86FD-69B028323C38} = {63B22051-2D1A-42A3-86C1-772D120376D1}
		{D60AD55B-AFFC-44B2-951E-2DBC1B45B8A5} = {63B22051-2D1A-42A3-86C1-772D120376D1}
		{A740432B-6769-4893-A102-794EB4A1C8AE} = {63B22051-2D1A-42A3-86C1-772D120376D1}
		{5065BB52-DFDE-45EB-9AFB-7443F1B23523} = {F3CEF568-104D-42F0-9E69-F5A261721B56}
	EndGlobalSection
EndGlobal
